<?xml version="1.0" encoding="UTF-8"?>
<Scheme
   version = "1.3">
   <BuildAction>
      <BuildActionEntries>
         <BuildActionEntry
            buildForRunning = "YES">
            <BuildableReference
               BuildableIdentifier = "primary"
               BlueprintIdentifier = "74E36CE321929EDE006E7D99"
               BuildableName = "LayoutIntro.app"
               BlueprintName = "LayoutIntro"
               ReferencedContainer = "container:LayoutIntro.xcodeproj">
            </BuildableReference>
         </BuildActionEntry>
      </BuildActionEntries>
   </BuildAction>
   <LaunchAction
      useCustomWorkingDirectory = "NO"
      buildConfiguration = "Debug"
      allowLocationSimulation = "YES">
      <BuildableProductRunnable>
         <BuildableReference
            BuildableIdentifier = "primary"
            BlueprintIdentifier = "74E36CE321929EDE006E7D99"
            BuildableName = "LayoutIntro.app"
            BlueprintName = "LayoutIntro"
            ReferencedContainer = "container:LayoutIntro.xcodeproj">
         </BuildableReference>
      </BuildableProductRunnable>
   </LaunchAction>
</Scheme>
